
Microsoft Visual Studio Solution File, Format Version 12.00
# Visual Studio Version 17
VisualStudioVersion = 17.6.33723.286
MinimumVisualStudioVersion = 10.0.40219.1
Project("{FAE04EC0-301F-11D3-BF4B-00C04F79EFBC}") = "LOLAssistGUI", "LOLAssistGUI\LOLAssistGUI.csproj", "{3E7CA68E-A194-4C6E-89BC-D1B65704D59A}"
EndProject
Global
	GlobalSection(SolutionConfigurationPlatforms) = preSolution
		Debug|Any CPU = Debug|Any CPU
		Release|Any CPU = Release|Any CPU
	EndGlobalSection
	GlobalSection(ProjectConfigurationPlatforms) = postSolution
		{3E7CA68E-A194-4C6E-89BC-D1B65704D59A}.Debug|Any CPU.ActiveCfg = Debug|Any CPU
		{3E7CA68E-A194-4C6E-89BC-D1B65704D59A}.Debug|Any CPU.Build.0 = Debug|Any CPU
		{3E7CA68E-A194-4C6E-89BC-D1B65704D59A}.Release|Any CPU.ActiveCfg = Release|Any CPU
		{3E7CA68E-A194-4C6E-89BC-D1B65704D59A}.Release|Any CPU.Build.0 = Release|Any CPU
	EndGlobalSection
	GlobalSection(SolutionProperties) = preSolution
		HideSolutionNode = FALSE
	EndGlobalSection
	GlobalSection(ExtensibilityGlobals) = postSolution
		SolutionGuid = {398D8973-FAC5-4A78-9327-4CE50B1C5909}
	EndGlobalSection
EndGlobal
